
Microsoft Visual Studio Solution File, Format Version 12.00
# Visual Studio Version 17
VisualStudioVersion = 17.13.35825.156
MinimumVisualStudioVersion = 10.0.40219.1
Project("{FAE04EC0-301F-11D3-BF4B-00C04F79EFBC}") = "Exercicio01", "Exercicio01\Exercicio01.csproj", "{5722300F-2464-4E56-94C4-F5170BD09CFE}"
EndProject
Project("{FAE04EC0-301F-11D3-BF4B-00C04F79EFBC}") = "Exercicio02", "Exercicio02\Exercicio02.csproj", "{DE078A18-3812-4A64-BE0A-54DDE83A9217}"
EndProject
Project("{FAE04EC0-301F-11D3-BF4B-00C04F79EFBC}") = "Exercicio03", "Exercicio03\Exercicio03.csproj", "{39247D7B-70C0-46BA-8943-22FA618CBD66}"
EndProject
Project("{FAE04EC0-301F-11D3-BF4B-00C04F79EFBC}") = "Exercicio04", "Exercicio04\Exercicio04.csproj", "{015E37DC-2B1D-4930-A258-4570705F90AB}"
EndProject
Project("{FAE04EC0-301F-11D3-BF4B-00C04F79EFBC}") = "Exercicio05", "Exercicio05\Exercicio05.csproj", "{3AB58DEA-6D79-4F7F-99AF-4897138A08BE}"
EndProject
Project("{FAE04EC0-301F-11D3-BF4B-00C04F79EFBC}") = "Exercicio06", "Exercicio06\Exercicio06.csproj", "{2FE9A960-4CFB-4991-9970-43D700FC57A5}"
EndProject
Project("{FAE04EC0-301F-11D3-BF4B-00C04F79EFBC}") = "Exercício07", "Exercício 07\Exercício07.csproj", "{45665499-E390-46DE-BB99-6180A714E3E6}"
EndProject
Project("{FAE04EC0-301F-11D3-BF4B-00C04F79EFBC}") = "Exerciocio08", "Exerciocio08\Exerciocio08.csproj", "{032EC30A-12FD-413B-9192-0BA3FF72349D}"
EndProject
Project("{FAE04EC0-301F-11D3-BF4B-00C04F79EFBC}") = "Exercicio09", "Exercicio09\Exercicio09.csproj", "{18D8F8B2-92BF-4094-97D1-B2F71ABBB1E5}"
EndProject
Project("{FAE04EC0-301F-11D3-BF4B-00C04F79EFBC}") = "Exercicio10", "Atividade10\Exercicio10.csproj", "{A0E39B64-AAAC-4CF5-802C-A904B9204B08}"
EndProject
Project("{FAE04EC0-301F-11D3-BF4B-00C04F79EFBC}") = "Exercicio11", "Exercicio11\Exercicio11.csproj", "{EE7E2C9B-9237-4113-B3F5-B4C5B19F1B55}"
EndProject
Project("{FAE04EC0-301F-11D3-BF4B-00C04F79EFBC}") = "Exercício12", "Exercício12\Exercício12.csproj", "{C5545312-61B8-4A6F-BB63-EC85220104FC}"
EndProject
Project("{FAE04EC0-301F-11D3-BF4B-00C04F79EFBC}") = "Exercício13", "Exercício13\Exercício13.csproj", "{CF3F0BD1-13F2-4066-9B68-2A49030B920B}"
EndProject
Project("{FAE04EC0-301F-11D3-BF4B-00C04F79EFBC}") = "Exercicio14", "Exercicio14\Exercicio14.csproj", "{BB19D5F3-A696-448D-9F4F-C36F91394254}"
EndProject
Project("{FAE04EC0-301F-11D3-BF4B-00C04F79EFBC}") = "Exercicio15", "Exercicio15\Exercicio15.csproj", "{113C21D3-BDE3-43B5-A024-CB3D96AD62AF}"
EndProject
Project("{FAE04EC0-301F-11D3-BF4B-00C04F79EFBC}") = "Exercicio16", "ConsoleApp1\Exercicio16.csproj", "{4D8F6E88-96CE-4627-8C00-DC50D956D55F}"
EndProject
Global
	GlobalSection(SolutionConfigurationPlatforms) = preSolution
		Debug|Any CPU = Debug|Any CPU
		Release|Any CPU = Release|Any CPU
	EndGlobalSection
	GlobalSection(ProjectConfigurationPlatforms) = postSolution
		{5722300F-2464-4E56-94C4-F5170BD09CFE}.Debug|Any CPU.ActiveCfg = Debug|Any CPU
		{5722300F-2464-4E56-94C4-F5170BD09CFE}.Debug|Any CPU.Build.0 = Debug|Any CPU
		{5722300F-2464-4E56-94C4-F5170BD09CFE}.Release|Any CPU.ActiveCfg = Release|Any CPU
		{5722300F-2464-4E56-94C4-F5170BD09CFE}.Release|Any CPU.Build.0 = Release|Any CPU
		{DE078A18-3812-4A64-BE0A-54DDE83A9217}.Debug|Any CPU.ActiveCfg = Debug|Any CPU
		{DE078A18-3812-4A64-BE0A-54DDE83A9217}.Debug|Any CPU.Build.0 = Debug|Any CPU
		{DE078A18-3812-4A64-BE0A-54DDE83A9217}.Release|Any CPU.ActiveCfg = Release|Any CPU
		{DE078A18-3812-4A64-BE0A-54DDE83A9217}.Release|Any CPU.Build.0 = Release|Any CPU
		{39247D7B-70C0-46BA-8943-22FA618CBD66}.Debug|Any CPU.ActiveCfg = Debug|Any CPU
		{39247D7B-70C0-46BA-8943-22FA618CBD66}.Debug|Any CPU.Build.0 = Debug|Any CPU
		{39247D7B-70C0-46BA-8943-22FA618CBD66}.Release|Any CPU.ActiveCfg = Release|Any CPU
		{39247D7B-70C0-46BA-8943-22FA618CBD66}.Release|Any CPU.Build.0 = Release|Any CPU
		{015E37DC-2B1D-4930-A258-4570705F90AB}.Debug|Any CPU.ActiveCfg = Debug|Any CPU
		{015E37DC-2B1D-4930-A258-4570705F90AB}.Debug|Any CPU.Build.0 = Debug|Any CPU
		{015E37DC-2B1D-4930-A258-4570705F90AB}.Release|Any CPU.ActiveCfg = Release|Any CPU
		{015E37DC-2B1D-4930-A258-4570705F90AB}.Release|Any CPU.Build.0 = Release|Any CPU
		{3AB58DEA-6D79-4F7F-99AF-4897138A08BE}.Debug|Any CPU.ActiveCfg = Debug|Any CPU
		{3AB58DEA-6D79-4F7F-99AF-4897138A08BE}.Debug|Any CPU.Build.0 = Debug|Any CPU
		{3AB58DEA-6D79-4F7F-99AF-4897138A08BE}.Release|Any CPU.ActiveCfg = Release|Any CPU
		{3AB58DEA-6D79-4F7F-99AF-4897138A08BE}.Release|Any CPU.Build.0 = Release|Any CPU
		{2FE9A960-4CFB-4991-9970-43D700FC57A5}.Debug|Any CPU.ActiveCfg = Debug|Any CPU
		{2FE9A960-4CFB-4991-9970-43D700FC57A5}.Debug|Any CPU.Build.0 = Debug|Any CPU
		{2FE9A960-4CFB-4991-9970-43D700FC57A5}.Release|Any CPU.ActiveCfg = Release|Any CPU
		{2FE9A960-4CFB-4991-9970-43D700FC57A5}.Release|Any CPU.Build.0 = Release|Any CPU
		{45665499-E390-46DE-BB99-6180A714E3E6}.Debug|Any CPU.ActiveCfg = Debug|Any CPU
		{45665499-E390-46DE-BB99-6180A714E3E6}.Debug|Any CPU.Build.0 = Debug|Any CPU
		{45665499-E390-46DE-BB99-6180A714E3E6}.Release|Any CPU.ActiveCfg = Release|Any CPU
		{45665499-E390-46DE-BB99-6180A714E3E6}.Release|Any CPU.Build.0 = Release|Any CPU
		{032EC30A-12FD-413B-9192-0BA3FF72349D}.Debug|Any CPU.ActiveCfg = Debug|Any CPU
		{032EC30A-12FD-413B-9192-0BA3FF72349D}.Debug|Any CPU.Build.0 = Debug|Any CPU
		{032EC30A-12FD-413B-9192-0BA3FF72349D}.Release|Any CPU.ActiveCfg = Release|Any CPU
		{032EC30A-12FD-413B-9192-0BA3FF72349D}.Release|Any CPU.Build.0 = Release|Any CPU
		{18D8F8B2-92BF-4094-97D1-B2F71ABBB1E5}.Debug|Any CPU.ActiveCfg = Debug|Any CPU
		{18D8F8B2-92BF-4094-97D1-B2F71ABBB1E5}.Debug|Any CPU.Build.0 = Debug|Any CPU
		{18D8F8B2-92BF-4094-97D1-B2F71ABBB1E5}.Release|Any CPU.ActiveCfg = Release|Any CPU
		{18D8F8B2-92BF-4094-97D1-B2F71ABBB1E5}.Release|Any CPU.Build.0 = Release|Any CPU
		{A0E39B64-AAAC-4CF5-802C-A904B9204B08}.Debug|Any CPU.ActiveCfg = Debug|Any CPU
		{A0E39B64-AAAC-4CF5-802C-A904B9204B08}.Debug|Any CPU.Build.0 = Debug|Any CPU
		{A0E39B64-AAAC-4CF5-802C-A904B9204B08}.Release|Any CPU.ActiveCfg = Release|Any CPU
		{A0E39B64-AAAC-4CF5-802C-A904B9204B08}.Release|Any CPU.Build.0 = Release|Any CPU
		{EE7E2C9B-9237-4113-B3F5-B4C5B19F1B55}.Debug|Any CPU.ActiveCfg = Debug|Any CPU
		{EE7E2C9B-9237-4113-B3F5-B4C5B19F1B55}.Debug|Any CPU.Build.0 = Debug|Any CPU
		{EE7E2C9B-9237-4113-B3F5-B4C5B19F1B55}.Release|Any CPU.ActiveCfg = Release|Any CPU
		{EE7E2C9B-9237-4113-B3F5-B4C5B19F1B55}.Release|Any CPU.Build.0 = Release|Any CPU
		{C5545312-61B8-4A6F-BB63-EC85220104FC}.Debug|Any CPU.ActiveCfg = Debug|Any CPU
		{C5545312-61B8-4A6F-BB63-EC85220104FC}.Debug|Any CPU.Build.0 = Debug|Any CPU
		{C5545312-61B8-4A6F-BB63-EC85220104FC}.Release|Any CPU.ActiveCfg = Release|Any CPU
		{C5545312-61B8-4A6F-BB63-EC85220104FC}.Release|Any CPU.Build.0 = Release|Any CPU
		{CF3F0BD1-13F2-4066-9B68-2A49030B920B}.Debug|Any CPU.ActiveCfg = Debug|Any CPU
		{CF3F0BD1-13F2-4066-9B68-2A49030B920B}.Debug|Any CPU.Build.0 = Debug|Any CPU
		{CF3F0BD1-13F2-4066-9B68-2A49030B920B}.Release|Any CPU.ActiveCfg = Release|Any CPU
		{CF3F0BD1-13F2-4066-9B68-2A49030B920B}.Release|Any CPU.Build.0 = Release|Any CPU
		{BB19D5F3-A696-448D-9F4F-C36F91394254}.Debug|Any CPU.ActiveCfg = Debug|Any CPU
		{BB19D5F3-A696-448D-9F4F-C36F91394254}.Debug|Any CPU.Build.0 = Debug|Any CPU
		{BB19D5F3-A696-448D-9F4F-C36F91394254}.Release|Any CPU.ActiveCfg = Release|Any CPU
		{BB19D5F3-A696-448D-9F4F-C36F91394254}.Release|Any CPU.Build.0 = Release|Any CPU
		{113C21D3-BDE3-43B5-A024-CB3D96AD62AF}.Debug|Any CPU.ActiveCfg = Debug|Any CPU
		{113C21D3-BDE3-43B5-A024-CB3D96AD62AF}.Debug|Any CPU.Build.0 = Debug|Any CPU
		{113C21D3-BDE3-43B5-A024-CB3D96AD62AF}.Release|Any CPU.ActiveCfg = Release|Any CPU
		{113C21D3-BDE3-43B5-A024-CB3D96AD62AF}.Release|Any CPU.Build.0 = Release|Any CPU
		{4D8F6E88-96CE-4627-8C00-DC50D956D55F}.Debug|Any CPU.ActiveCfg = Debug|Any CPU
		{4D8F6E88-96CE-4627-8C00-DC50D956D55F}.Debug|Any CPU.Build.0 = Debug|Any CPU
		{4D8F6E88-96CE-4627-8C00-DC50D956D55F}.Release|Any CPU.ActiveCfg = Release|Any CPU
		{4D8F6E88-96CE-4627-8C00-DC50D956D55F}.Release|Any CPU.Build.0 = Release|Any CPU
	EndGlobalSection
	GlobalSection(SolutionProperties) = preSolution
		HideSolutionNode = FALSE
	EndGlobalSection
	GlobalSection(ExtensibilityGlobals) = postSolution
		SolutionGuid = {4B36C46A-974B-4462-AF76-9D6703D13670}
	EndGlobalSection
EndGlobal
